version = 1
revision = 3
requires-python = "==3.13.*"

[[package]]
name = "absl-py"
version = "2.5.0"
source = { registry = "https://pypi.org/simple" }
sdist = { url = "https://files.pythonhosted.org/packages/d0/4f/d79676ab82f2e42fc3611618139f13a9c4c31d0cff4b486982047679a802/absl_py-2.5.0.tar.gz", hash = "sha256:0c996f25c0490700fadabe6351630f6111534fa0ae252cc6d2014ea3b141135f", size = 118119, upload-time = "2026-07-03T10:57:48.157Z" }
wheels = [
    { url = "https://files.pythonhosted.org/packages/58/0a/a10b45aab35b175aded078a462dc8d0c698f5b13946e7cb0869097b78bb6/absl_py-2.5.0-py3-none-any.whl", hash = "sha256:0f17b89f2a4eaaedc4f28c622998aa690564b3012a396a4ffad0821007fe03ba", size = 137410, upload-time = "2026-07-03T10:57:46.735Z" },
]

[[package]]
name = "cssselect2"
version = "0.9.0"
source = { registry = "https://pypi.org/simple" }
dependencies = [
    { name = "tinycss2" },
    { name = "webencodings" },
]
sdist = { url = "https://files.pythonhosted.org/packages/e0/20/92eaa6b0aec7189fa4b75c890640e076e9e793095721db69c5c81142c2e1/cssselect2-0.9.0.tar.gz", hash = "sha256:759aa22c216326356f65e62e791d66160a0f9c91d1424e8d8adc5e74dddfc6fb", size = 35595, upload-time = "2026-02-12T17:16:39.614Z" }
wheels = [
    { url = "https://files.pythonhosted.org/packages/21/0e/8459ca4413e1a21a06c97d134bfaf18adfd27cea068813dc0faae06cbf00/cssselect2-0.9.0-py3-none-any.whl", hash = "sha256:6a99e5f91f9a016a304dd929b0966ca464bcfda15177b6fb4a118fc0fb5d9563", size = 15453, upload-time = "2026-02-12T17:16:38.317Z" },
]

[[package]]
name = "fonttools"
version = "4.63.0"
source = { registry = "https://pypi.org/simple" }
sdist = { url = "https://files.pythonhosted.org/packages/84/69/c97f2c18e0db87d2c7b15da1974dace76ae938f1cfa22e2727a648b7ed43/fonttools-4.63.0.tar.gz", hash = "sha256:caeb583deeb5168e694b65cda8b4ee62abedfa66cf88488734466f2366b9c4e0", size = 3597189, upload-time = "2026-05-14T12:04:30.958Z" }
wheels = [
    { url = "https://files.pythonhosted.org/packages/0f/8d/d8fec3dcde2963f8c908fb315e5ff2cd0ac34f82394bbbf73a2aa5145ce3/fonttools-4.63.0-cp313-cp313-macosx_10_13_universal2.whl", hash = "sha256:cd7e9857e5e63738b9d9fd707bc1f59c8b09e5177726d23664db393c59bb08bd", size = 2876062, upload-time = "2026-05-14T12:03:32.554Z" },
    { url = "https://files.pythonhosted.org/packages/ef/71/d935dc54e4ff121bfdd11e08702db63a7e6f25af21d8a3d7b7212df53641/fonttools-4.63.0-cp313-cp313-macosx_10_13_x86_64.whl", hash = "sha256:c2a2a42198b696a6f48fad91709afb55176e66a5e566131219dba372fb7f8c59", size = 2424594, upload-time = "2026-05-14T12:03:34.86Z" },
    { url = "https://files.pythonhosted.org/packages/8e/40/e76320afa1df918e146155ef239b1719ee266092e96f5423bfd075affba1/fonttools-4.63.0-cp313-cp313-manylinux2014_aarch64.manylinux_2_17_aarch64.manylinux_2_28_aarch64.whl", hash = "sha256:1e874792a8212b44583ea02189d9e693906b2f78b261f372f95d6c563210ac1d", size = 5024840, upload-time = "2026-05-14T12:03:36.745Z" },
    { url = "https://files.pythonhosted.org/packages/ce/36/0b805d8c485f872f65a509cbe3b58a5d0d17bee855333b54a150c79d3061/fonttools-4.63.0-cp313-cp313-manylinux2014_x86_64.manylinux_2_17_x86_64.whl", hash = "sha256:22135da48a348785c5e2d5d2d9d6bec5ed44adacbaeb9db12d9493bf6c6bfa68", size = 4975801, upload-time = "2026-05-14T12:03:38.833Z" },
    { url = "https://files.pythonhosted.org/packages/c8/26/2cee03d0aa083ab022da5c07aff9ed3f689da1defb81ad6917c9627896da/fonttools-4.63.0-cp313-cp313-musllinux_1_2_aarch64.whl", hash = "sha256:ccf41f2efdf56994d22d73bef4ced1052161958169428d06ba9724ea9e9a64be", size = 4965009, upload-time = "2026-05-14T12:03:41.494Z" },
    { url = "https://files.pythonhosted.org/packages/7e/48/cc4b66d9058c0d0982c833fad10127c4b0e9324606aafa41382295ca4102/fonttools-4.63.0-cp313-cp313-musllinux_1_2_x86_64.whl", hash = "sha256:9ced0bd02ac751dd6319b0da88aaef24414e3b0dbc32bb4f24944821a3741a27", size = 5105892, upload-time = "2026-05-14T12:03:43.525Z" },
    { url = "https://files.pythonhosted.org/packages/d8/1f/a98a30a814b9ddef3a2e706025f90b9e0bc94890e6cb15254bc86547d11a/fonttools-4.63.0-cp313-cp313-win32.whl", hash = "sha256:85be818f5506e8a7753153def2c9550178f0ecae6a47b5e0e8dbb23f7cc90380", size = 2291313, upload-time = "2026-05-14T12:03:45.594Z" },
    { url = "https://files.pythonhosted.org/packages/92/46/5177b01f3b4abfdd4409f31cca4ab279c9343a26efbe9ec78c97fc612e02/fonttools-4.63.0-cp313-cp313-win_amd64.whl", hash = "sha256:ba04cb5891d4c0c21b6da95eda8d7b090021508a294fff33464fc7d241e0856b", size = 2342299, upload-time = "2026-05-14T12:03:47.414Z" },
    { url = "https://files.pythonhosted.org/packages/2c/47/c99d5268f354002ce80f8d029cd9d7d872969da1de8b93d32de4dc56d6f4/fonttools-4.63.0-py3-none-any.whl", hash = "sha256:445af2eab030a16b9171ea8bdda7ebf7d96bda2df88ee182a464252f6e05e20d", size = 1164562, upload-time = "2026-05-14T12:04:29.092Z" },
]

[[package]]
name = "glyphpact"
version = "1.1.0"
source = { registry = "https://pypi.org/simple" }
dependencies = [
    { name = "absl-py" },
    { name = "cssselect2" },
    { name = "fonttools" },
    { name = "lxml" },
    { name = "picosvg" },
    { name = "skia-pathops" },
    { name = "tinycss2" },
    { name = "uharfbuzz" },
    { name = "webcolors" },
]
sdist = { url = "https://files.pythonhosted.org/packages/5d/95/a3951a1c74b43af43765ea94a6531bdd0dc4fa0051ae473e8fb298250a19/glyphpact-1.1.0.tar.gz", hash = "sha256:cddbdee83ba0dad08e2d69ea5a6a9f8b8ab850fc837fb0eba6a3326b2ca6ba21", size = 425040, upload-time = "2026-07-27T04:51:01.737Z" }
wheels = [
    { url = "https://files.pythonhosted.org/packages/33/29/50dbf4fa7a0235f9667e825ff06773f23d5ac0757d4298275f6bec150980/glyphpact-1.1.0-py3-none-any.whl", hash = "sha256:0b75602d68288134efbb47ece9383be115fb50ad0b8a99803943406abc97dffe", size = 146022, upload-time = "2026-07-27T04:51:00.056Z" },
]

[[package]]
name = "lxml"
version = "6.1.1"
source = { registry = "https://pypi.org/simple" }
sdist = { url = "https://files.pythonhosted.org/packages/05/3b/aab6728cae887456f409b4d75e8a01856e4f04bd510de38052a47768b680/lxml-6.1.1.tar.gz", hash = "sha256:ba96ae44888e0185281e937633a743ea90d5a196c6000f82565ebb0580012d40", size = 4197430, upload-time = "2026-05-18T19:19:06.424Z" }
wheels = [
    { url = "https://files.pythonhosted.org/packages/a5/eb/7e6f37c5584ccbb2ff267f56fd0339016938c1c8684cfefab9b33ffc2f36/lxml-6.1.1-cp313-cp313-macosx_10_13_universal2.whl", hash = "sha256:68a9198d0fc122d14bb76837de9aa80cf84caed990b5b237f532ed87d3706736", size = 8559780, upload-time = "2026-05-18T19:17:57.661Z" },
    { url = "https://files.pythonhosted.org/packages/a1/36/587c2521cf23a2cd6c9c22108aa7528f683a1f195ed7ccd23a4b1786ad36/lxml-6.1.1-cp313-cp313-macosx_10_13_x86_64.whl", hash = "sha256:7d47866cb32fb503450b6edc9df355d10dc49836af2e89901bd6ac6b0896d9d9", size = 4618006, upload-time = "2026-05-18T19:18:04.452Z" },
    { url = "https://files.pythonhosted.org/packages/6e/ca/ab7bfe2bf4c972af5e7878262845ead3a24a929a9b04bc11c7c1ece6c82a/lxml-6.1.1-cp313-cp313-manylinux2014_aarch64.manylinux_2_17_aarch64.whl", hash = "sha256:eb7c9811bfaa8b1ed5ed319f5d370dfbcaa59d52ea64be2a5a85e18195930354", size = 4924139, upload-time = "2026-05-18T19:19:04.873Z" },
    { url = "https://files.pythonhosted.org/packages/6b/55/a0c72851dfee5ecc689f949723a73dea457758912542cb955b108eaf0d8f/lxml-6.1.1-cp313-cp313-manylinux2014_x86_64.manylinux_2_17_x86_64.whl", hash = "sha256:762ff394d5bd56da0cf034a23dcce4e13923f15321a2adfa2ac00201dc6d3fca", size = 5082329, upload-time = "2026-05-18T19:19:09.728Z" },
    { url = "https://files.pythonhosted.org/packages/f0/b6/0608f7d61a3b96cc67e5648a3d906e31a5082093e10e7be65b3886289938/lxml-6.1.1-cp313-cp313-manylinux_2_26_aarch64.manylinux_2_28_aarch64.whl", hash = "sha256:a088f287f7d8275a33c07f2cac6c50b9319309a0200a39e7e75d80c707723099", size = 4993564, upload-time = "2026-05-18T19:19:13.608Z" },
    { url = "https://files.pythonhosted.org/packages/4c/66/ae227524b066d29d55bf0b453d93d2d793c40218657d643dcbbca13b8faf/lxml-6.1.1-cp313-cp313-manylinux_2_26_ppc64le.manylinux_2_28_ppc64le.whl", hash = "sha256:e902da4b04e6b52e5893900d4b8ab46068f75f3561f01bf1080957f9fd932ed6", size = 5613467, upload-time = "2026-05-18T19:19:16.228Z" },
    { url = "https://files.pythonhosted.org/packages/a6/76/dbe4a00b50385e40194231dcfe5a12c059de7cf90e89c83407d2b085b719/lxml-6.1.1-cp313-cp313-manylinux_2_26_x86_64.manylinux_2_28_x86_64.whl", hash = "sha256:1d4962d4c66bf830a7e59ed6cfc17d148149898a3aefa8ec6e59763e6e3ed085", size = 5228304, upload-time = "2026-05-18T19:19:19.354Z" },
    { url = "https://files.pythonhosted.org/packages/1c/01/00b1b8442ed2041793336868ba0b9ea4b13d7da7c085c6404c207a63bf79/lxml-6.1.1-cp313-cp313-manylinux_2_28_i686.whl", hash = "sha256:581d4c8ae690a6609e64862dd6b7c2489635c2d13907fc2b20f2bc200ff1d21e", size = 5341607, upload-time = "2026-05-18T19:19:22.297Z" },
    { url = "https://files.pythonhosted.org/packages/63/36/1ad29931e9a4638bb707869f01d423a6c815f82152138d1a40dfcfde2b95/lxml-6.1.1-cp313-cp313-manylinux_2_31_armv7l.whl", hash = "sha256:876e1ff5930ed8bf295ec5ef9a8155e9b6b1876bbf1deed8b3a8069311875a8f", size = 4700168, upload-time = "2026-05-18T19:19:25.133Z" },
    { url = "https://files.pythonhosted.org/packages/3c/d1/a9536cecf9be18a0dc72d32bead283a2332d1ffebd2dd3ac70ce444686e5/lxml-6.1.1-cp313-cp313-manylinux_2_38_riscv64.manylinux_2_39_riscv64.whl", hash = "sha256:9eb9b5a968f6e0f6d640092a567e14529ff8cea2e29d00da6f78a79fa49f013c", size = 5232487, upload-time = "2026-05-18T19:19:28.603Z" },
    { url = "https://files.pythonhosted.org/packages/0e/77/b4fb1e03bf5d130e879214d3100092e386418807fb74dd0adc4b0a48f351/lxml-6.1.1-cp313-cp313-musllinux_1_2_aarch64.whl", hash = "sha256:aa49e06d94aba782c6a02eecb7e507969e7e7a41b267f1b359bb35585f295d5b", size = 5044231, upload-time = "2026-05-18T19:18:42.246Z" },
    { url = "https://files.pythonhosted.org/packages/26/4c/d00daeeb0a5530c4028a9232aa1b93db3ef4ed2158c116ea73c79a9765b3/lxml-6.1.1-cp313-cp313-musllinux_1_2_armv7l.whl", hash = "sha256:70cdfd80589d59e43e18005dd7244e8895e93db8ab6a620b7e23df5445a4e3d2", size = 4769450, upload-time = "2026-05-18T19:18:48.013Z" },
    { url = "https://files.pythonhosted.org/packages/ed/6a/715a3a8d156ce42f29cf014706f5410c2ff3b02267774110fc23266409fe/lxml-6.1.1-cp313-cp313-musllinux_1_2_ppc64le.whl", hash = "sha256:aad9aa39483ed8ec44d6d2e59e5b98a0d80676ef0d92f44bfc374836111f62f5", size = 5635874, upload-time = "2026-05-18T19:18:51.914Z" },
    { url = "https://files.pythonhosted.org/packages/45/37/0544bc21dde2a88f3a17b504e6fc79c0e01d25a33c2f6079724e9e72b9c7/lxml-6.1.1-cp313-cp313-musllinux_1_2_riscv64.whl", hash = "sha256:d49514be2f28d895c38cf9d2b72d7b9a07d00314519f456c0b50b53cfcf4c785", size = 5223987, upload-time = "2026-05-18T19:18:59.715Z" },
    { url = "https://files.pythonhosted.org/packages/4d/f8/f6a5e8185bcb28c2befae3d31f8e3df3b811cb0f47746517a81279fcafe1/lxml-6.1.1-cp313-cp313-musllinux_1_2_x86_64.whl", hash = "sha256:47402e62c52ff5988c1e8c6c63177f5708bccf48e366dea4e3dcf1e645e04947", size = 5250276, upload-time = "2026-05-18T19:19:03.834Z" },
    { url = "https://files.pythonhosted.org/packages/c7/f2/1a2b9f1b7a49d45495369be7ef9ad05b262930f2eab3e3145706fca8083f/lxml-6.1.1-cp313-cp313-win32.whl", hash = "sha256:3483644525531e1d5762b0c44a8e18b6efba321b6dcf8a8952de10b037618bca", size = 3596903, upload-time = "2026-05-18T19:17:29.863Z" },
    { url = "https://files.pythonhosted.org/packages/e6/99/f4ffb024f238eec2131aaa09f3278fb6129cf892741bf68e1fc1afb8c100/lxml-6.1.1-cp313-cp313-win_amd64.whl", hash = "sha256:a10bd2fd62e8ce916ececb342f348f190724a098c1faa056fdfb2a22ad5e8660", size = 3995869, upload-time = "2026-05-18T19:18:02.596Z" },
    { url = "https://files.pythonhosted.org/packages/d1/53/70eb8c5c6037f27448f1e3c54ebede9545a801ae63f0a7254afca4fe8e45/lxml-6.1.1-cp313-cp313-win_arm64.whl", hash = "sha256:424aa57aca0897eb922aef34395bd1289b3b6f04e6bae20ea123c0c7e333cffc", size = 3658490, upload-time = "2026-05-19T19:22:53.846Z" },
]

[[package]]
name = "picosvg"
version = "0.22.3"
source = { registry = "https://pypi.org/simple" }
dependencies = [
    { name = "absl-py" },
    { name = "lxml" },
    { name = "skia-pathops" },
]
sdist = { url = "https://files.pythonhosted.org/packages/70/2f/1384e2be9cf6506c7cd2a1d798446dc001b750a52f9f616fb0069687c6c9/picosvg-0.22.3.tar.gz", hash = "sha256:4395efc32a00e89454395fcbbe3ee2731e9cee7aa3be0f5ae9f96418d0696778", size = 117208, upload-time = "2025-04-28T18:28:14.296Z" }
wheels = [
    { url = "https://files.pythonhosted.org/packages/f6/2a/35aa2bb8f2afe28240015c987e95065ec2d01e380a0f541f2a1b055e60aa/picosvg-0.22.3-py3-none-any.whl", hash = "sha256:4cc48b0c889caa1d1023035d5ae628fc9ea32ff7d59cc5c255cffa86fd61b3c3", size = 51480, upload-time = "2025-04-28T18:28:12.891Z" },
]

[[package]]
name = "remix-carbon-icons-tool"
version = "0.0.0"
source = { virtual = "." }
dependencies = [
    { name = "glyphpact" },
]

[package.metadata]
requires-dist = [{ name = "glyphpact", specifier = "==1.1.0" }]

[[package]]
name = "skia-pathops"
version = "0.9.2"
source = { registry = "https://pypi.org/simple" }
sdist = { url = "https://files.pythonhosted.org/packages/4a/f6/ab37d6fa21f25965d4ad059745c76f13ddfb92a2c06a842a42ad77961c24/skia_pathops-0.9.2.tar.gz", hash = "sha256:4b6d8459f6f4a69282cb26fca0c2bb0b321cc58a9bf9cc6579a52a391edc0319", size = 65115346, upload-time = "2026-02-16T10:30:22.753Z" }
wheels = [
    { url = "https://files.pythonhosted.org/packages/75/10/45af3ea2dee706a340601da315e450c449f76aaa18651cfe2677b0c65161/skia_pathops-0.9.2-cp310-abi3-macosx_10_9_universal2.whl", hash = "sha256:c7a925b919c050df1e0545d26a69b64d9c8e1959e4dca73b06df088bf01d30f0", size = 2897494, upload-time = "2026-02-16T10:30:00.265Z" },
    { url = "https://files.pythonhosted.org/packages/b4/20/711d733b252696aedd78175e0f60acd42299de680d5a50a2750b96578841/skia_pathops-0.9.2-cp310-abi3-manylinux2014_x86_64.manylinux_2_17_x86_64.whl", hash = "sha256:d94c18a60b1e56910240a65dcc841cca37067f6432a4881d20baff17b6d77915", size = 3300314, upload-time = "2026-02-16T10:30:02.53Z" },
    { url = "https://files.pythonhosted.org/packages/95/47/bccbdb7ee12bbcc43c1051f9fd6933d16e3ffc8f20263155bd03709bde9e/skia_pathops-0.9.2-cp310-abi3-manylinux_2_27_aarch64.manylinux_2_28_aarch64.whl", hash = "sha256:70b28883f209a0df84da14e980e7a07c55ed93b913955694d90ddef2f29a261b", size = 2999370, upload-time = "2026-02-16T10:30:04.445Z" },
    { url = "https://files.pythonhosted.org/packages/5e/55/d5a1925d61ab683aaf08a3a80749371991f82fdeb53e3dbeae0046ce80ac/skia_pathops-0.9.2-cp310-abi3-musllinux_1_2_aarch64.whl", hash = "sha256:8122e50e03472657781c951f3019d9b85d9b1cbc93ebac635b673f99b18895b6", size = 3955374, upload-time = "2026-02-16T10:30:06.308Z" },
    { url = "https://files.pythonhosted.org/packages/36/49/c81e1a551726b8153c7a600b041e4480ac85db13985b7b260a01d85e0a6c/skia_pathops-0.9.2-cp310-abi3-musllinux_1_2_x86_64.whl", hash = "sha256:f8c72c70e57dd6655f880ae63642ff26753bb888f4c6411709a12cc10bee005e", size = 4316667, upload-time = "2026-02-16T10:30:08.326Z" },
    { url = "https://files.pythonhosted.org/packages/bb/b4/484ba09325c75d4470578b3f16bfe5a30cc348ece2566df59702c487084c/skia_pathops-0.9.2-cp310-abi3-win32.whl", hash = "sha256:3b9ef6629d2c8cb8604a7e22d4d2fe2c0160788b9792145a2cf0f968ec245751", size = 1450912, upload-time = "2026-02-16T10:30:09.762Z" },
    { url = "https://files.pythonhosted.org/packages/ff/96/bd1bfaf5335242a86d8af940ff2124861e9bc6a5520cf96fda374fd10945/skia_pathops-0.9.2-cp310-abi3-win_amd64.whl", hash = "sha256:9ae72d801b5f4c5dbb937fb25476a12fa2da70860f28dd637da2b529dbd8271c", size = 1782901, upload-time = "2026-02-16T10:30:11.546Z" },
]

[[package]]
name = "tinycss2"
version = "1.5.1"
source = { registry = "https://pypi.org/simple" }
dependencies = [
    { name = "webencodings" },
]
sdist = { url = "https://files.pythonhosted.org/packages/a3/ae/2ca4913e5c0f09781d75482874c3a95db9105462a92ddd303c7d285d3df2/tinycss2-1.5.1.tar.gz", hash = "sha256:d339d2b616ba90ccce58da8495a78f46e55d4d25f9fd71dfd526f07e7d53f957", size = 88195, upload-time = "2025-11-23T10:29:10.082Z" }
wheels = [
    { url = "https://files.pythonhosted.org/packages/60/45/c7b5c3168458db837e8ceab06dc77824e18202679d0463f0e8f002143a97/tinycss2-1.5.1-py3-none-any.whl", hash = "sha256:3415ba0f5839c062696996998176c4a3751d18b7edaaeeb658c9ce21ec150661", size = 28404, upload-time = "2025-11-23T10:29:08.676Z" },
]

[[package]]
name = "uharfbuzz"
version = "0.55.0"
source = { registry = "https://pypi.org/simple" }
sdist = { url = "https://files.pythonhosted.org/packages/0c/2d/25769d2262cafcea748aac7bfb2b9eeb0a9fe2a759b4154133a6d9f39870/uharfbuzz-0.55.0.tar.gz", hash = "sha256:a29bda4c147c35240a71051315423b1933b46eac558a72f55d9ffdc1f2bbb69f", size = 2012220, upload-time = "2026-06-03T21:18:37.553Z" }
wheels = [
    { url = "https://files.pythonhosted.org/packages/ba/05/8e4e62ee1d1f7a1060168bc5af14aa203b9d310a3eb7e97bae00d1b7dc1d/uharfbuzz-0.55.0-cp310-abi3-macosx_10_9_universal2.whl", hash = "sha256:40df0ff4d0c7af29c07a8adc614fb0dd421d9c4d8a139362a80a4ceb71e94a71", size = 2961874, upload-time = "2026-06-03T21:18:15.019Z" },
    { url = "https://files.pythonhosted.org/packages/d7/56/706b3f41dc72f8c578bdecda4ecf132cff3d3fa7aeab76fff64c4e6eabf2/uharfbuzz-0.55.0-cp310-abi3-manylinux2014_aarch64.manylinux_2_17_aarch64.manylinux_2_28_aarch64.whl", hash = "sha256:13304721967d55e9718200453cae30f7952f95244af4b0fcb4561e8b456f5357", size = 1787206, upload-time = "2026-06-03T21:18:17.667Z" },
    { url = "https://files.pythonhosted.org/packages/a1/45/a9ad3ccc3dc731c1df8df7f4c4ae24b266c0bff71cc2a83dd28f7cdbc6d7/uharfbuzz-0.55.0-cp310-abi3-manylinux2014_x86_64.manylinux_2_17_x86_64.manylinux_2_28_x86_64.whl", hash = "sha256:d594f9e02a21745846477f02e13e900bfe9a697bad975fb3c26e241b7a8256c1", size = 1858288, upload-time = "2026-06-03T21:18:19.393Z" },
    { url = "https://files.pythonhosted.org/packages/51/40/cc980e006c9a6ff503764fca5a6012c582a0b4b52460a7c56ea07357e80b/uharfbuzz-0.55.0-cp310-abi3-musllinux_1_2_aarch64.whl", hash = "sha256:7daeb0ba227246ed8a5a59f64fa23ecec282bc0af13167752d51ae304d20852a", size = 2803129, upload-time = "2026-06-03T21:18:21.463Z" },
    { url = "https://files.pythonhosted.org/packages/68/3e/efa383c10b79dbd28fecb3f2ef6012e5d125b6b20c3174bf046d2a127dbd/uharfbuzz-0.55.0-cp310-abi3-musllinux_1_2_x86_64.whl", hash = "sha256:22415eaa87c670fac764053edfaebce1e05babd2cecb0e933170019ed3263109", size = 2907982, upload-time = "2026-06-03T21:18:23.3Z" },
    { url = "https://files.pythonhosted.org/packages/fd/d6/630c5c2813892f40b4a43427898685fbe75d809a68307c1e72d38f631aee/uharfbuzz-0.55.0-cp310-abi3-win32.whl", hash = "sha256:4d880af9e5b6f353945b5f5cd43c6989a01eb14ba327323b6b53f9c831ced801", size = 1089495, upload-time = "2026-06-03T21:18:25.021Z" },
    { url = "https://files.pythonhosted.org/packages/bf/f8/48c018bb9458243ac7dbdecbc3923d6f688c5e96a6afe75146901463cde7/uharfbuzz-0.55.0-cp310-abi3-win_amd64.whl", hash = "sha256:72f653625e33f68dda56b258b4b9dcd2ff9c9e4f21fd53c7bbff9d9620c4fba0", size = 1347256, upload-time = "2026-06-03T21:18:26.748Z" },
]

[[package]]
name = "webcolors"
version = "24.11.1"
source = { registry = "https://pypi.org/simple" }
sdist = { url = "https://files.pythonhosted.org/packages/7b/29/061ec845fb58521848f3739e466efd8250b4b7b98c1b6c5bf4d40b419b7e/webcolors-24.11.1.tar.gz", hash = "sha256:ecb3d768f32202af770477b8b65f318fa4f566c22948673a977b00d589dd80f6", size = 45064, upload-time = "2024-11-11T07:43:24.224Z" }
wheels = [
    { url = "https://files.pythonhosted.org/packages/60/e8/c0e05e4684d13459f93d312077a9a2efbe04d59c393bc2b8802248c908d4/webcolors-24.11.1-py3-none-any.whl", hash = "sha256:515291393b4cdf0eb19c155749a096f779f7d909f7cceea072791cb9095b92e9", size = 14934, upload-time = "2024-11-11T07:43:22.529Z" },
]

[[package]]
name = "webencodings"
version = "0.5.1"
source = { registry = "https://pypi.org/simple" }
sdist = { url = "https://files.pythonhosted.org/packages/0b/02/ae6ceac1baeda530866a85075641cec12989bd8d31af6d5ab4a3e8c92f47/webencodings-0.5.1.tar.gz", hash = "sha256:b36a1c245f2d304965eb4e0a82848379241dc04b865afcc4aab16748587e1923", size = 9721, upload-time = "2017-04-05T20:21:34.189Z" }
wheels = [
    { url = "https://files.pythonhosted.org/packages/f4/24/2a3e3df732393fed8b3ebf2ec078f05546de641fe1b667ee316ec1dcf3b7/webencodings-0.5.1-py2.py3-none-any.whl", hash = "sha256:a0af1213f3c2226497a97e2b3aa01a7e4bee4f403f95be16fc9acd2947514a78", size = 11774, upload-time = "2017-04-05T20:21:32.581Z" },
]
